// !$*UTF8*$!
{
	archiveVersion = 1;
	classes = {
	};
	objectVersion = 56;
	objects = {

/* Begin PBXBuildFile section */
		89A583A32B6E977A00C0E718 /* RealityKitContent in Frameworks */ = {isa = PBXBuildFile; productRef = 89A583A22B6E977A00C0E718 /* RealityKitContent */; };
		89A583A52B6E977A00C0E718 /* visionDiceApp.swift in Sources */ = {isa = PBXBuildFile; fileRef = 89A583A42B6E977A00C0E718 /* visionDiceApp.swift */; };
		89A583A72B6E977A00C0E718 /* ContentView.swift in Sources */ = {isa = PBXBuildFile; fileRef = 89A583A62B6E977A00C0E718 /* ContentView.swift */; };
		89A583A92B6E977A00C0E718 /* ImmersiveView.swift in Sources */ = {isa = PBXBuildFile; fileRef = 89A583A82B6E977A00C0E718 /* ImmersiveView.swift */; };
		89A583AB2B6E977B00C0E718 /* Assets.xcassets in Resources */ = {isa = PBXBuildFile; fileRef = 89A583AA2B6E977B00C0E718 /* Assets.xcassets */; };
		89A583AE2B6E977B00C0E718 /* Preview Assets.xcassets in Resources */ = {isa = PBXBuildFile; fileRef = 89A583AD2B6E977B00C0E718 /* Preview Assets.xcassets */; };
		89A583B92B6E977C00C0E718 /* visionDiceTests.swift in Sources */ = {isa = PBXBuildFile; fileRef = 89A583B82B6E977C00C0E718 /* visionDiceTests.swift */; };
/* End PBXBuildFile section */

/* Begin PBXContainerItemProxy section */
		89A583B52B6E977C00C0E718 /* PBXContainerItemProxy */ = {
			isa = PBXContainerItemProxy;
			containerPortal = 89A583952B6E977A00C0E718 /* Project object */;
			proxyType = 1;
			remoteGlobalIDString = 89A5839C2B6E977A00C0E718;
			remoteInfo = visionDice;
		};
/* End PBXContainerItemProxy section */

/* Begin PBXFileReference section */
		89A5839D2B6E977A00C0E718 /* visionDice.app */ = {isa = PBXFileReference; explicitFileType = wrapper.application; includeInIndex = 0; path = visionDice.app; sourceTree = BUILT_PRODUCTS_DIR; };
		89A583A12B6E977A00C0E718 /* RealityKitContent */ = {isa = PBXFileReference; lastKnownFileType = wrapper; path = RealityKitContent; sourceTree = "<group>"; };
		89A583A42B6E977A00C0E718 /* visionDiceApp.swift */ = {isa = PBXFileReference; lastKnownFileType = sourcecode.swift; path = visionDiceApp.swift; sourceTree = "<group>"; };
		89A583A62B6E977A00C0E718 /* ContentView.swift */ = {isa = PBXFileReference; lastKnownFileType = sourcecode.swift; path = ContentView.swift; sourceTree = "<group>"; };
		89A583A82B6E977A00C0E718 /* ImmersiveView.swift */ = {isa = PBXFileReference; lastKnownFileType = sourcecode.swift; path = ImmersiveView.swift; sourceTree = "<group>"; };
		89A583AA2B6E977B00C0E718 /* Assets.xcassets */ = {isa = PBXFileReference; lastKnownFileType = folder.assetcatalog; path = Assets.xcassets; sourceTree = "<group>"; };
		89A583AD2B6E977B00C0E718 /* Preview Assets.xcassets */ = {isa = PBXFileReference; lastKnownFileType = folder.assetcatalog; path = "Preview Assets.xcassets"; sourceTree = "<group>"; };
		89A583AF2B6E977B00C0E718 /* Info.plist */ = {isa = PBXFileReference; lastKnownFileType = text.plist.xml; path = Info.plist; sourceTree = "<group>"; };
		89A583B42B6E977C00C0E718 /* visionDiceTests.xctest */ = {isa = PBXFileReference; explicitFileType = wrapper.cfbundle; includeInIndex = 0; path = visionDiceTests.xctest; sourceTree = BUILT_PRODUCTS_DIR; };
		89A583B82B6E977C00C0E718 /* visionDiceTests.swift */ = {isa = PBXFileReference; lastKnownFileType = sourcecode.swift; path = visionDiceTests.swift; sourceTree = "<group>"; };
/* End PBXFileReference section */

/* Begin PBXFrameworksBuildPhase section */
		89A5839A2B6E977A00C0E718 /* Frameworks */ = {
			isa = PBXFrameworksBuildPhase;
			buildActionMask = 2147483647;
			files = (
				89A583A32B6E977A00C0E718 /* RealityKitContent in Frameworks */,
			);
			runOnlyForDeploymentPostprocessing = 0;
		};
		89A583B12B6E977C00C0E718 /* Frameworks */ = {
			isa = PBXFrameworksBuildPhase;
			buildActionMask = 2147483647;
			files = (
			);
			runOnlyForDeploymentPostprocessing = 0;
		};
/* End PBXFrameworksBuildPhase section */

/* Begin PBXGroup section */
		89A583942B6E977A00C0E718 = {
			isa = PBXGroup;
			children = (
				89A5839F2B6E977A00C0E718 /* visionDice */,
				89A583A02B6E977A00C0E718 /* Packages */,
				89A583B72B6E977C00C0E718 /* visionDiceTests */,
				89A5839E2B6E977A00C0E718 /* Products */,
			);
			sourceTree = "<group>";
		};
		89A5839E2B6E977A00C0E718 /* Products */ = {
			isa = PBXGroup;
			children = (
				89A5839D2B6E977A00C0E718 /* visionDice.app */,
				89A583B42B6E977C00C0E718 /* visionDiceTests.xctest */,
			);
			name = Products;
			sourceTree = "<group>";
		};
		89A5839F2B6E977A00C0E718 /* visionDice */ = {
			isa = PBXGroup;
			children = (
				89A583A42B6E977A00C0E718 /* visionDiceApp.swift */,
				89A583A62B6E977A00C0E718 /* ContentView.swift */,
				89A583A82B6E977A00C0E718 /* ImmersiveView.swift */,
				89A583AA2B6E977B00C0E718 /* Assets.xcassets */,
				89A583AF2B6E977B00C0E718 /* Info.plist */,
				89A583AC2B6E977B00C0E718 /* Preview Content */,
			);
			path = visionDice;
			sourceTree = "<group>";
		};
		89A583A02B6E977A00C0E718 /* Packages */ = {
			isa = PBXGroup;
			children = (
				89A583A12B6E977A00C0E718 /* RealityKitContent */,
			);
			path = Packages;
			sourceTree = "<group>";
		};
		89A583AC2B6E977B00C0E718 /* Preview Content */ = {
			isa = PBXGroup;
			children = (
				89A583AD2B6E977B00C0E718 /* Preview Assets.xcassets */,
			);
			path = "Preview Content";
			sourceTree = "<group>";
		};
		89A583B72B6E977C00C0E718 /* visionDiceTests */ = {
			isa = PBXGroup;
			children = (
				89A583B82B6E977C00C0E718 /* visionDiceTests.swift */,
			);
			path = visionDiceTests;
			sourceTree = "<group>";
		};
/* End PBXGroup section */

/* Begin PBXNativeTarget section */
		89A5839C2B6E977A00C0E718 /* visionDice */ = {
			isa = PBXNativeTarget;
			buildConfigurationList = 89A583BC2B6E977C00C0E718 /* Build configuration list for PBXNativeTarget "visionDice" */;
			buildPhases = (
				89A583992B6E977A00C0E718 /* Sources */,
				89A5839A2B6E977A00C0E718 /* Frameworks */,
				89A5839B2B6E977A00C0E718 /* Resources */,
			);
			buildRules = (
			);
			dependencies = (
			);
			name = visionDice;
			packageProductDependencies = (
				89A583A22B6E977A00C0E718 /* RealityKitContent */,
			);
			productName = visionDice;
			productReference = 89A5839D2B6E977A00C0E718 /* visionDice.app */;
			productType = "com.apple.product-type.application";
		};
		89A583B32B6E977C00C0E718 /* visionDiceTests */ = {
			isa = PBXNativeTarget;
			buildConfigurationList = 89A583BF2B6E977C00C0E718 /* Build configuration list for PBXNativeTarget "visionDiceTests" */;
			buildPhases = (
				89A583B02B6E977C00C0E718 /* Sources */,
				89A583B12B6E977C00C0E718 /* Frameworks */,
				89A583B22B6E977C00C0E718 /* Resources */,
			);
			buildRules = (
			);
			dependencies = (
				89A583B62B6E977C00C0E718 /* PBXTargetDependency */,
			);
			name = visionDiceTests;
			productName = visionDiceTests;
			productReference = 89A583B42B6E977C00C0E718 /* visionDiceTests.xctest */;
			productType = "com.apple.product-type.bundle.unit-test";
		};
/* End PBXNativeTarget section */

/* Begin PBXProject section */
		89A583952B6E977A00C0E718 /* Project object */ = {
			isa = PBXProject;
			attributes = {
				BuildIndependentTargetsInParallel = 1;
				LastSwiftUpdateCheck = 1520;
				LastUpgradeCheck = 1520;
				TargetAttributes = {
					89A5839C2B6E977A00C0E718 = {
						CreatedOnToolsVersion = 15.2;
					};
					89A583B32B6E977C00C0E718 = {
						CreatedOnToolsVersion = 15.2;
						TestTargetID = 89A5839C2B6E977A00C0E718;
					};
				};
			};
			buildConfigurationList = 89A583982B6E977A00C0E718 /* Build configuration list for PBXProject "visionDice" */;
			compatibilityVersion = "Xcode 14.0";
			developmentRegion = en;
			hasScannedForEncodings = 0;
			knownRegions = (
				en,
				Base,
			);
			mainGroup = 89A583942B6E977A00C0E718;
			productRefGroup = 89A5839E2B6E977A00C0E718 /* Products */;
			projectDirPath = "";
			projectRoot = "";
			targets = (
				89A5839C2B6E977A00C0E718 /* visionDice */,
				89A583B32B6E977C00C0E718 /* visionDiceTests */,
			);
		};
/* End PBXProject section */

/* Begin PBXResourcesBuildPhase section */
		89A5839B2B6E977A00C0E718 /* Resources */ = {
			isa = PBXResourcesBuildPhase;
			buildActionMask = 2147483647;
			files = (
				89A583AE2B6E977B00C0E718 /* Preview Assets.xcassets in Resources */,
				89A583AB2B6E977B00C0E718 /* Assets.xcassets in Resources */,
			);
			runOnlyForDeploymentPostprocessing = 0;
		};
		89A583B22B6E977C00C0E718 /* Resources */ = {
			isa = PBXResourcesBuildPhase;
			buildActionMask = 2147483647;
			files = (
			);
			runOnlyForDeploymentPostprocessing = 0;
		};
/* End PBXResourcesBuildPhase section */

/* Begin PBXSourcesBuildPhase section */
		89A583992B6E977A00C0E718 /* Sources */ = {
			isa = PBXSourcesBuildPhase;
			buildActionMask = 2147483647;
			files = (
				89A583A72B6E977A00C0E718 /* ContentView.swift in Sources */,
				89A583A52B6E977A00C0E718 /* visionDiceApp.swift in Sources */,
				89A583A92B6E977A00C0E718 /* ImmersiveView.swift in Sources */,
			);
			runOnlyForDeploymentPostprocessing = 0;
		};
		89A583B02B6E977C00C0E718 /* Sources */ = {
			isa = PBXSourcesBuildPhase;
			buildActionMask = 2147483647;
			files = (
				89A583B92B6E977C00C0E718 /* visionDiceTests.swift in Sources */,
			);
			runOnlyForDeploymentPostprocessing = 0;
		};
/* End PBXSourcesBuildPhase section */

/* Begin PBXTargetDependency section */
		89A583B62B6E977C00C0E718 /* PBXTargetDependency */ = {
			isa = PBXTargetDependency;
			target = 89A5839C2B6E977A00C0E718 /* visionDice */;
			targetProxy = 89A583B52B6E977C00C0E718 /* PBXContainerItemProxy */;
		};
/* End PBXTargetDependency section */

/* Begin XCBuildConfiguration section */
		89A583BA2B6E977C00C0E718 /* Debug */ = {
			isa = XCBuildConfiguration;
			buildSettings = {
				ALWAYS_SEARCH_USER_PATHS = NO;
				ASSETCATALOG_COMPILER_GENERATE_SWIFT_ASSET_SYMBOL_EXTENSIONS = YES;
				CLANG_ANALYZER_NONNULL = YES;
				CLANG_ANALYZER_NUMBER_OBJECT_CONVERSION = YES_AGGRESSIVE;
				CLANG_CXX_LANGUAGE_STANDARD = "gnu++20";
				CLANG_ENABLE_MODULES = YES;
				CLANG_ENABLE_OBJC_ARC = YES;
				CLANG_ENABLE_OBJC_WEAK = YES;
				CLANG_WARN_BLOCK_CAPTURE_AUTORELEASING = YES;
				CLANG_WARN_BOOL_CONVERSION = YES;
				CLANG_WARN_COMMA = YES;
				CLANG_WARN_CONSTANT_CONVERSION = YES;
				CLANG_WARN_DEPRECATED_OBJC_IMPLEMENTATIONS = YES;
				CLANG_WARN_DIRECT_OBJC_ISA_USAGE = YES_ERROR;
				CLANG_WARN_DOCUMENTATION_COMMENTS = YES;
				CLANG_WARN_EMPTY_BODY = YES;
				CLANG_WARN_ENUM_CONVERSION = YES;
				CLANG_WARN_INFINITE_RECURSION = YES;
				CLANG_WARN_INT_CONVERSION = YES;
				CLANG_WARN_NON_LITERAL_NULL_CONVERSION = YES;
				CLANG_WARN_OBJC_IMPLICIT_RETAIN_SELF = YES;
				CLANG_WARN_OBJC_LITERAL_CONVERSION = YES;
				CLANG_WARN_OBJC_ROOT_CLASS = YES_ERROR;
				CLANG_WARN_QUOTED_INCLUDE_IN_FRAMEWORK_HEADER = YES;
				CLANG_WARN_RANGE_LOOP_ANALYSIS = YES;
				CLANG_WARN_STRICT_PROTOTYPES = YES;
				CLANG_WARN_SUSPICIOUS_MOVE = YES;
				CLANG_WARN_UNGUARDED_AVAILABILITY = YES_AGGRESSIVE;
				CLANG_WARN_UNREACHABLE_CODE = YES;
				CLANG_WARN__DUPLICATE_METHOD_MATCH = YES;
				COPY_PHASE_STRIP = NO;
				DEBUG_INFORMATION_FORMAT = dwarf;
				ENABLE_STRICT_OBJC_MSGSEND = YES;
				ENABLE_TESTABILITY = YES;
				ENABLE_USER_SCRIPT_SANDBOXING = YES;
				GCC_C_LANGUAGE_STANDARD = gnu17;
				GCC_DYNAMIC_NO_PIC = NO;
				GCC_NO_COMMON_BLOCKS = YES;
				GCC_OPTIMIZATION_LEVEL = 0;
				GCC_PREPROCESSOR_DEFINITIONS = (
					"DEBUG=1",
					"$(inherited)",
				);
				GCC_WARN_64_TO_32_BIT_CONVERSION = YES;
				GCC_WARN_ABOUT_RETURN_TYPE = YES_ERROR;
				GCC_WARN_UNDECLARED_SELECTOR = YES;
				GCC_WARN_UNINITIALIZED_AUTOS = YES_AGGRESSIVE;
				GCC_WARN_UNUSED_FUNCTION = YES;
				GCC_WARN_UNUSED_VARIABLE = YES;
				LOCALIZATION_PREFERS_STRING_CATALOGS = YES;
				MTL_ENABLE_DEBUG_INFO = INCLUDE_SOURCE;
				MTL_FAST_MATH = YES;
				ONLY_ACTIVE_ARCH = YES;
				SDKROOT = xros;
				SWIFT_ACTIVE_COMPILATION_CONDITIONS = "DEBUG $(inherited)";
				SWIFT_OPTIMIZATION_LEVEL = "-Onone";
				XROS_DEPLOYMENT_TARGET = 1.0;
			};
			name = Debug;
		};
		89A583BB2B6E977C00C0E718 /* Release */ = {
			isa = XCBuildConfiguration;
			buildSettings = {
				ALWAYS_SEARCH_USER_PATHS = NO;
				ASSETCATALOG_COMPILER_GENERATE_SWIFT_ASSET_SYMBOL_EXTENSIONS = YES;
				CLANG_ANALYZER_NONNULL = YES;
				CLANG_ANALYZER_NUMBER_OBJECT_CONVERSION = YES_AGGRESSIVE;
				CLANG_CXX_LANGUAGE_STANDARD = "gnu++20";
				CLANG_ENABLE_MODULES = YES;
				CLANG_ENABLE_OBJC_ARC = YES;
				CLANG_ENABLE_OBJC_WEAK = YES;
				CLANG_WARN_BLOCK_CAPTURE_AUTORELEASING = YES;
				CLANG_WARN_BOOL_CONVERSION = YES;
				CLANG_WARN_COMMA = YES;
				CLANG_WARN_CONSTANT_CONVERSION = YES;
				CLANG_WARN_DEPRECATED_OBJC_IMPLEMENTATIONS = YES;
				CLANG_WARN_DIRECT_OBJC_ISA_USAGE = YES_ERROR;
				CLANG_WARN_DOCUMENTATION_COMMENTS = YES;
				CLANG_WARN_EMPTY_BODY = YES;
				CLANG_WARN_ENUM_CONVERSION = YES;
				CLANG_WARN_INFINITE_RECURSION = YES;
				CLANG_WARN_INT_CONVERSION = YES;
				CLANG_WARN_NON_LITERAL_NULL_CONVERSION = YES;
				CLANG_WARN_OBJC_IMPLICIT_RETAIN_SELF = YES;
				CLANG_WARN_OBJC_LITERAL_CONVERSION = YES;
				CLANG_WARN_OBJC_ROOT_CLASS = YES_ERROR;
				CLANG_WARN_QUOTED_INCLUDE_IN_FRAMEWORK_HEADER = YES;
				CLANG_WARN_RANGE_LOOP_ANALYSIS = YES;
				CLANG_WARN_STRICT_PROTOTYPES = YES;
				CLANG_WARN_SUSPICIOUS_MOVE = YES;
				CLANG_WARN_UNGUARDED_AVAILABILITY = YES_AGGRESSIVE;
				CLANG_WARN_UNREACHABLE_CODE = YES;
				CLANG_WARN__DUPLICATE_METHOD_MATCH = YES;
				COPY_PHASE_STRIP = NO;
				DEBUG_INFORMATION_FORMAT = "dwarf-with-dsym";
				ENABLE_NS_ASSERTIONS = NO;
				ENABLE_STRICT_OBJC_MSGSEND = YES;
				ENABLE_USER_SCRIPT_SANDBOXING = YES;
				GCC_C_LANGUAGE_STANDARD = gnu17;
				GCC_NO_COMMON_BLOCKS = YES;
				GCC_WARN_64_TO_32_BIT_CONVERSION = YES;
				GCC_WARN_ABOUT_RETURN_TYPE = YES_ERROR;
				GCC_WARN_UNDECLARED_SELECTOR = YES;
				GCC_WARN_UNINITIALIZED_AUTOS = YES_AGGRESSIVE;
				GCC_WARN_UNUSED_FUNCTION = YES;
				GCC_WARN_UNUSED_VARIABLE = YES;
				LOCALIZATION_PREFERS_STRING_CATALOGS = YES;
				MTL_ENABLE_DEBUG_INFO = NO;
				MTL_FAST_MATH = YES;
				SDKROOT = xros;
				SWIFT_COMPILATION_MODE = wholemodule;
				VALIDATE_PRODUCT = YES;
				XROS_DEPLOYMENT_TARGET = 1.0;
			};
			name = Release;
		};
		89A583BD2B6E977C00C0E718 /* Debug */ = {
			isa = XCBuildConfiguration;
			buildSettings = {
				ASSETCATALOG_COMPILER_APPICON_NAME = AppIcon;
				ASSETCATALOG_COMPILER_GLOBAL_ACCENT_COLOR_NAME = AccentColor;
				CODE_SIGN_STYLE = Automatic;
				CURRENT_PROJECT_VERSION = 1;
				DEVELOPMENT_ASSET_PATHS = "\"visionDice/Preview Content\"";
				ENABLE_PREVIEWS = YES;
				GENERATE_INFOPLIST_FILE = YES;
				INFOPLIST_FILE = "$(TARGET_NAME)/Info.plist";
				LD_RUNPATH_SEARCH_PATHS = (
					"$(inherited)",
					"@executable_path/Frameworks",
				);
				MARKETING_VERSION = 1.0;
				PRODUCT_BUNDLE_IDENTIFIER = me.visionDice;
				PRODUCT_NAME = "$(TARGET_NAME)";
				SUPPORTED_PLATFORMS = "xros xrsimulator";
				SWIFT_EMIT_LOC_STRINGS = YES;
				SWIFT_VERSION = 5.0;
				TARGETED_DEVICE_FAMILY = "1,2,7";
			};
			name = Debug;
		};
		89A583BE2B6E977C00C0E718 /* Release */ = {
			isa = XCBuildConfiguration;
			buildSettings = {
				ASSETCATALOG_COMPILER_APPICON_NAME = AppIcon;
				ASSETCATALOG_COMPILER_GLOBAL_ACCENT_COLOR_NAME = AccentColor;
				CODE_SIGN_STYLE = Automatic;
				CURRENT_PROJECT_VERSION = 1;
				DEVELOPMENT_ASSET_PATHS = "\"visionDice/Preview Content\"";
				ENABLE_PREVIEWS = YES;
				GENERATE_INFOPLIST_FILE = YES;
				INFOPLIST_FILE = "$(TARGET_NAME)/Info.plist";
				LD_RUNPATH_SEARCH_PATHS = (
					"$(inherited)",
					"@executable_path/Frameworks",
				);
				MARKETING_VERSION = 1.0;
				PRODUCT_BUNDLE_IDENTIFIER = me.visionDice;
				PRODUCT_NAME = "$(TARGET_NAME)";
				SUPPORTED_PLATFORMS = "xros xrsimulator";
				SWIFT_EMIT_LOC_STRINGS = YES;
				SWIFT_VERSION = 5.0;
				TARGETED_DEVICE_FAMILY = "1,2,7";
			};
			name = Release;
		};
		89A583C02B6E977C00C0E718 /* Debug */ = {
			isa = XCBuildConfiguration;
			buildSettings = {
				ALWAYS_EMBED_SWIFT_STANDARD_LIBRARIES = YES;
				BUNDLE_LOADER = "$(TEST_HOST)";
				CODE_SIGN_STYLE = Automatic;
				CURRENT_PROJECT_VERSION = 1;
				GENERATE_INFOPLIST_FILE = YES;
				MARKETING_VERSION = 1.0;
				PRODUCT_BUNDLE_IDENTIFIER = me.visionDiceTests;
				PRODUCT_NAME = "$(TARGET_NAME)";
				SUPPORTED_PLATFORMS = "xros xrsimulator";
				SWIFT_EMIT_LOC_STRINGS = NO;
				SWIFT_VERSION = 5.0;
				TARGETED_DEVICE_FAMILY = "1,2,7";
				TEST_HOST = "$(BUILT_PRODUCTS_DIR)/visionDice.app/$(BUNDLE_EXECUTABLE_FOLDER_PATH)/visionDice";
				XROS_DEPLOYMENT_TARGET = 1.0;
			};
			name = Debug;
		};
		89A583C12B6E977C00C0E718 /* Release */ = {
			isa = XCBuildConfiguration;
			buildSettings = {
				ALWAYS_EMBED_SWIFT_STANDARD_LIBRARIES = YES;
				BUNDLE_LOADER = "$(TEST_HOST)";
				CODE_SIGN_STYLE = Automatic;
				CURRENT_PROJECT_VERSION = 1;
				GENERATE_INFOPLIST_FILE = YES;
				MARKETING_VERSION = 1.0;
				PRODUCT_BUNDLE_IDENTIFIER = me.visionDiceTests;
				PRODUCT_NAME = "$(TARGET_NAME)";
				SUPPORTED_PLATFORMS = "xros xrsimulator";
				SWIFT_EMIT_LOC_STRINGS = NO;
				SWIFT_VERSION = 5.0;
				TARGETED_DEVICE_FAMILY = "1,2,7";
				TEST_HOST = "$(BUILT_PRODUCTS_DIR)/visionDice.app/$(BUNDLE_EXECUTABLE_FOLDER_PATH)/visionDice";
				XROS_DEPLOYMENT_TARGET = 1.0;
			};
			name = Release;
		};
/* End XCBuildConfiguration section */

/* Begin XCConfigurationList section */
		89A583982B6E977A00C0E718 /* Build configuration list for PBXProject "visionDice" */ = {
			isa = XCConfigurationList;
			buildConfigurations = (
				89A583BA2B6E977C00C0E718 /* Debug */,
				89A583BB2B6E977C00C0E718 /* Release */,
			);
			defaultConfigurationIsVisible = 0;
			defaultConfigurationName = Release;
		};
		89A583BC2B6E977C00C0E718 /* Build configuration list for PBXNativeTarget "visionDice" */ = {
			isa = XCConfigurationList;
			buildConfigurations = (
				89A583BD2B6E977C00C0E718 /* Debug */,
				89A583BE2B6E977C00C0E718 /* Release */,
			);
			defaultConfigurationIsVisible = 0;
			defaultConfigurationName = Release;
		};
		89A583BF2B6E977C00C0E718 /* Build configuration list for PBXNativeTarget "visionDiceTests" */ = {
			isa = XCConfigurationList;
			buildConfigurations = (
				89A583C02B6E977C00C0E718 /* Debug */,
				89A583C12B6E977C00C0E718 /* Release */,
			);
			defaultConfigurationIsVisible = 0;
			defaultConfigurationName = Release;
		};
/* End XCConfigurationList section */

/* Begin XCSwiftPackageProductDependency section */
		89A583A22B6E977A00C0E718 /* RealityKitContent */ = {
			isa = XCSwiftPackageProductDependency;
			productName = RealityKitContent;
		};
/* End XCSwiftPackageProductDependency section */
	};
	rootObject = 89A583952B6E977A00C0E718 /* Project object */;
}
